<?xml version="1.0" encoding="utf-8"?>
<Project ToolsVersion="4.0" xmlns="http://schemas.microsoft.com/developer/msbuild/2003">
  <ItemGroup>
    <ClCompile Include="$(SolutionDir)\..\src\cpp\client\channel.cc">
      <Filter>src\cpp\client</Filter>
    </ClCompile>
    <ClCompile Include="$(SolutionDir)\..\src\cpp\client\client_context.cc">
      <Filter>src\cpp\client</Filter>
    </ClCompile>
    <ClCompile Include="$(SolutionDir)\..\src\cpp\client\create_channel.cc">
      <Filter>src\cpp\client</Filter>
    </ClCompile>
    <ClCompile Include="$(SolutionDir)\..\src\cpp\client\create_channel_internal.cc">
      <Filter>src\cpp\client</Filter>
    </ClCompile>
    <ClCompile Include="$(SolutionDir)\..\src\cpp\client\credentials.cc">
      <Filter>src\cpp\client</Filter>
    </ClCompile>
    <ClCompile Include="$(SolutionDir)\..\src\cpp\client\generic_stub.cc">
      <Filter>src\cpp\client</Filter>
    </ClCompile>
    <ClCompile Include="$(SolutionDir)\..\src\cpp\client\insecure_credentials.cc">
      <Filter>src\cpp\client</Filter>
    </ClCompile>
    <ClCompile Include="$(SolutionDir)\..\src\cpp\common\channel_arguments.cc">
      <Filter>src\cpp\common</Filter>
    </ClCompile>
    <ClCompile Include="$(SolutionDir)\..\src\cpp\common\completion_queue.cc">
      <Filter>src\cpp\common</Filter>
    </ClCompile>
    <ClCompile Include="$(SolutionDir)\..\src\cpp\common\core_codegen.cc">
      <Filter>src\cpp\common</Filter>
    </ClCompile>
    <ClCompile Include="$(SolutionDir)\..\src\cpp\common\rpc_method.cc">
      <Filter>src\cpp\common</Filter>
    </ClCompile>
    <ClCompile Include="$(SolutionDir)\..\src\cpp\server\async_generic_service.cc">
      <Filter>src\cpp\server</Filter>
    </ClCompile>
    <ClCompile Include="$(SolutionDir)\..\src\cpp\server\create_default_thread_pool.cc">
      <Filter>src\cpp\server</Filter>
    </ClCompile>
    <ClCompile Include="$(SolutionDir)\..\src\cpp\server\dynamic_thread_pool.cc">
      <Filter>src\cpp\server</Filter>
    </ClCompile>
    <ClCompile Include="$(SolutionDir)\..\src\cpp\server\insecure_server_credentials.cc">
      <Filter>src\cpp\server</Filter>
    </ClCompile>
    <ClCompile Include="$(SolutionDir)\..\src\cpp\server\server.cc">
      <Filter>src\cpp\server</Filter>
    </ClCompile>
    <ClCompile Include="$(SolutionDir)\..\src\cpp\server\server_builder.cc">
      <Filter>src\cpp\server</Filter>
    </ClCompile>
    <ClCompile Include="$(SolutionDir)\..\src\cpp\server\server_context.cc">
      <Filter>src\cpp\server</Filter>
    </ClCompile>
    <ClCompile Include="$(SolutionDir)\..\src\cpp\server\server_credentials.cc">
      <Filter>src\cpp\server</Filter>
    </ClCompile>
    <ClCompile Include="$(SolutionDir)\..\src\cpp\util\byte_buffer.cc">
      <Filter>src\cpp\util</Filter>
    </ClCompile>
    <ClCompile Include="$(SolutionDir)\..\src\cpp\util\slice.cc">
      <Filter>src\cpp\util</Filter>
    </ClCompile>
    <ClCompile Include="$(SolutionDir)\..\src\cpp\util\status.cc">
      <Filter>src\cpp\util</Filter>
    </ClCompile>
    <ClCompile Include="$(SolutionDir)\..\src\cpp\util\string_ref.cc">
      <Filter>src\cpp\util</Filter>
    </ClCompile>
    <ClCompile Include="$(SolutionDir)\..\src\cpp\util\time.cc">
      <Filter>src\cpp\util</Filter>
    </ClCompile>
    <ClCompile Include="$(SolutionDir)\..\src\cpp\codegen\codegen_init.cc">
      <Filter>src\cpp\codegen</Filter>
    </ClCompile>
    <ClCompile Include="$(SolutionDir)\..\src\cpp\common\insecure_create_auth_context.cc">
      <Filter>src\cpp\common</Filter>
    </ClCompile>
  </ItemGroup>
  <ItemGroup>
    <ClInclude Include="$(SolutionDir)\..\include\grpc++\alarm.h">
      <Filter>include\grpc++</Filter>
    </ClInclude>
    <ClInclude Include="$(SolutionDir)\..\include\grpc++\channel.h">
      <Filter>include\grpc++</Filter>
    </ClInclude>
    <ClInclude Include="$(SolutionDir)\..\include\grpc++\client_context.h">
      <Filter>include\grpc++</Filter>
    </ClInclude>
    <ClInclude Include="$(SolutionDir)\..\include\grpc++\completion_queue.h">
      <Filter>include\grpc++</Filter>
    </ClInclude>
    <ClInclude Include="$(SolutionDir)\..\include\grpc++\create_channel.h">
      <Filter>include\grpc++</Filter>
    </ClInclude>
    <ClInclude Include="$(SolutionDir)\..\include\grpc++\generic\async_generic_service.h">
      <Filter>include\grpc++\generic</Filter>
    </ClInclude>
    <ClInclude Include="$(SolutionDir)\..\include\grpc++\generic\generic_stub.h">
      <Filter>include\grpc++\generic</Filter>
    </ClInclude>
    <ClInclude Include="$(SolutionDir)\..\include\grpc++\grpc++.h">
      <Filter>include\grpc++</Filter>
    </ClInclude>
    <ClInclude Include="$(SolutionDir)\..\include\grpc++\impl\call.h">
      <Filter>include\grpc++\impl</Filter>
    </ClInclude>
    <ClInclude Include="$(SolutionDir)\..\include\grpc++\impl\client_unary_call.h">
      <Filter>include\grpc++\impl</Filter>
    </ClInclude>
    <ClInclude Include="$(SolutionDir)\..\include\grpc++\impl\grpc_library.h">
      <Filter>include\grpc++\impl</Filter>
    </ClInclude>
    <ClInclude Include="$(SolutionDir)\..\include\grpc++\impl\method_handler_impl.h">
      <Filter>include\grpc++\impl</Filter>
    </ClInclude>
    <ClInclude Include="$(SolutionDir)\..\include\grpc++\impl\proto_utils.h">
      <Filter>include\grpc++\impl</Filter>
    </ClInclude>
    <ClInclude Include="$(SolutionDir)\..\include\grpc++\impl\rpc_method.h">
      <Filter>include\grpc++\impl</Filter>
    </ClInclude>
    <ClInclude Include="$(SolutionDir)\..\include\grpc++\impl\rpc_service_method.h">
      <Filter>include\grpc++\impl</Filter>
    </ClInclude>
    <ClInclude Include="$(SolutionDir)\..\include\grpc++\impl\serialization_traits.h">
      <Filter>include\grpc++\impl</Filter>
    </ClInclude>
    <ClInclude Include="$(SolutionDir)\..\include\grpc++\impl\server_builder_option.h">
      <Filter>include\grpc++\impl</Filter>
    </ClInclude>
    <ClInclude Include="$(SolutionDir)\..\include\grpc++\impl\service_type.h">
      <Filter>include\grpc++\impl</Filter>
    </ClInclude>
    <ClInclude Include="$(SolutionDir)\..\include\grpc++\impl\sync.h">
      <Filter>include\grpc++\impl</Filter>
    </ClInclude>
    <ClInclude Include="$(SolutionDir)\..\include\grpc++\impl\sync_cxx11.h">
      <Filter>include\grpc++\impl</Filter>
    </ClInclude>
    <ClInclude Include="$(SolutionDir)\..\include\grpc++\impl\sync_no_cxx11.h">
      <Filter>include\grpc++\impl</Filter>
    </ClInclude>
    <ClInclude Include="$(SolutionDir)\..\include\grpc++\impl\thd.h">
      <Filter>include\grpc++\impl</Filter>
    </ClInclude>
    <ClInclude Include="$(SolutionDir)\..\include\grpc++\impl\thd_cxx11.h">
      <Filter>include\grpc++\impl</Filter>
    </ClInclude>
    <ClInclude Include="$(SolutionDir)\..\include\grpc++\impl\thd_no_cxx11.h">
      <Filter>include\grpc++\impl</Filter>
    </ClInclude>
    <ClInclude Include="$(SolutionDir)\..\include\grpc++\security\auth_context.h">
      <Filter>include\grpc++\security</Filter>
    </ClInclude>
    <ClInclude Include="$(SolutionDir)\..\include\grpc++\security\auth_metadata_processor.h">
      <Filter>include\grpc++\security</Filter>
    </ClInclude>
    <ClInclude Include="$(SolutionDir)\..\include\grpc++\security\credentials.h">
      <Filter>include\grpc++\security</Filter>
    </ClInclude>
    <ClInclude Include="$(SolutionDir)\..\include\grpc++\security\server_credentials.h">
      <Filter>include\grpc++\security</Filter>
    </ClInclude>
    <ClInclude Include="$(SolutionDir)\..\include\grpc++\server.h">
      <Filter>include\grpc++</Filter>
    </ClInclude>
    <ClInclude Include="$(SolutionDir)\..\include\grpc++\server_builder.h">
      <Filter>include\grpc++</Filter>
    </ClInclude>
    <ClInclude Include="$(SolutionDir)\..\include\grpc++\server_context.h">
      <Filter>include\grpc++</Filter>
    </ClInclude>
    <ClInclude Include="$(SolutionDir)\..\include\grpc++\support\async_stream.h">
      <Filter>include\grpc++\support</Filter>
    </ClInclude>
    <ClInclude Include="$(SolutionDir)\..\include\grpc++\support\async_unary_call.h">
      <Filter>include\grpc++\support</Filter>
    </ClInclude>
    <ClInclude Include="$(SolutionDir)\..\include\grpc++\support\byte_buffer.h">
      <Filter>include\grpc++\support</Filter>
    </ClInclude>
    <ClInclude Include="$(SolutionDir)\..\include\grpc++\support\channel_arguments.h">
      <Filter>include\grpc++\support</Filter>
    </ClInclude>
    <ClInclude Include="$(SolutionDir)\..\include\grpc++\support\slice.h">
      <Filter>include\grpc++\support</Filter>
    </ClInclude>
    <ClInclude Include="$(SolutionDir)\..\include\grpc++\support\status.h">
      <Filter>include\grpc++\support</Filter>
    </ClInclude>
    <ClInclude Include="$(SolutionDir)\..\include\grpc++\support\status_code_enum.h">
      <Filter>include\grpc++\support</Filter>
    </ClInclude>
    <ClInclude Include="$(SolutionDir)\..\include\grpc++\support\string_ref.h">
      <Filter>include\grpc++\support</Filter>
    </ClInclude>
    <ClInclude Include="$(SolutionDir)\..\include\grpc++\support\stub_options.h">
      <Filter>include\grpc++\support</Filter>
    </ClInclude>
    <ClInclude Include="$(SolutionDir)\..\include\grpc++\support\sync_stream.h">
      <Filter>include\grpc++\support</Filter>
    </ClInclude>
    <ClInclude Include="$(SolutionDir)\..\include\grpc++\support\time.h">
      <Filter>include\grpc++\support</Filter>
    </ClInclude>
    <ClInclude Include="$(SolutionDir)\..\include\grpc++\impl\codegen\async_stream.h">
      <Filter>include\grpc++\impl\codegen</Filter>
    </ClInclude>
    <ClInclude Include="$(SolutionDir)\..\include\grpc++\impl\codegen\async_unary_call.h">
      <Filter>include\grpc++\impl\codegen</Filter>
    </ClInclude>
    <ClInclude Include="$(SolutionDir)\..\include\grpc++\impl\codegen\call.h">
      <Filter>include\grpc++\impl\codegen</Filter>
    </ClInclude>
    <ClInclude Include="$(SolutionDir)\..\include\grpc++\impl\codegen\call_hook.h">
      <Filter>include\grpc++\impl\codegen</Filter>
    </ClInclude>
    <ClInclude Include="$(SolutionDir)\..\include\grpc++\impl\codegen\channel_interface.h">
      <Filter>include\grpc++\impl\codegen</Filter>
    </ClInclude>
    <ClInclude Include="$(SolutionDir)\..\include\grpc++\impl\codegen\client_context.h">
      <Filter>include\grpc++\impl\codegen</Filter>
    </ClInclude>
    <ClInclude Include="$(SolutionDir)\..\include\grpc++\impl\codegen\client_unary_call.h">
      <Filter>include\grpc++\impl\codegen</Filter>
    </ClInclude>
    <ClInclude Include="$(SolutionDir)\..\include\grpc++\impl\codegen\completion_queue.h">
      <Filter>include\grpc++\impl\codegen</Filter>
    </ClInclude>
    <ClInclude Include="$(SolutionDir)\..\include\grpc++\impl\codegen\completion_queue_tag.h">
      <Filter>include\grpc++\impl\codegen</Filter>
    </ClInclude>
    <ClInclude Include="$(SolutionDir)\..\include\grpc++\impl\codegen\core_codegen_interface.h">
      <Filter>include\grpc++\impl\codegen</Filter>
    </ClInclude>
    <ClInclude Include="$(SolutionDir)\..\include\grpc++\impl\codegen\create_auth_context.h">
      <Filter>include\grpc++\impl\codegen</Filter>
    </ClInclude>
    <ClInclude Include="$(SolutionDir)\..\include\grpc++\impl\codegen\grpc_library.h">
      <Filter>include\grpc++\impl\codegen</Filter>
    </ClInclude>
    <ClInclude Include="$(SolutionDir)\..\include\grpc++\impl\codegen\method_handler_impl.h">
      <Filter>include\grpc++\impl\codegen</Filter>
    </ClInclude>
    <ClInclude Include="$(SolutionDir)\..\include\grpc++\impl\codegen\proto_utils.h">
      <Filter>include\grpc++\impl\codegen</Filter>
    </ClInclude>
    <ClInclude Include="$(SolutionDir)\..\include\grpc++\impl\codegen\rpc_method.h">
      <Filter>include\grpc++\impl\codegen</Filter>
    </ClInclude>
    <ClInclude Include="$(SolutionDir)\..\include\grpc++\impl\codegen\rpc_service_method.h">
      <Filter>include\grpc++\impl\codegen</Filter>
    </ClInclude>
    <ClInclude Include="$(SolutionDir)\..\include\grpc++\impl\codegen\security\auth_context.h">
      <Filter>include\grpc++\impl\codegen\security</Filter>
    </ClInclude>
    <ClInclude Include="$(SolutionDir)\..\include\grpc++\impl\codegen\serialization_traits.h">
      <Filter>include\grpc++\impl\codegen</Filter>
    </ClInclude>
    <ClInclude Include="$(SolutionDir)\..\include\grpc++\impl\codegen\server_context.h">
      <Filter>include\grpc++\impl\codegen</Filter>
    </ClInclude>
    <ClInclude Include="$(SolutionDir)\..\include\grpc++\impl\codegen\server_interface.h">
      <Filter>include\grpc++\impl\codegen</Filter>
    </ClInclude>
    <ClInclude Include="$(SolutionDir)\..\include\grpc++\impl\codegen\service_type.h">
      <Filter>include\grpc++\impl\codegen</Filter>
    </ClInclude>
    <ClInclude Include="$(SolutionDir)\..\include\grpc++\impl\codegen\status.h">
      <Filter>include\grpc++\impl\codegen</Filter>
    </ClInclude>
    <ClInclude Include="$(SolutionDir)\..\include\grpc++\impl\codegen\status_code_enum.h">
      <Filter>include\grpc++\impl\codegen</Filter>
    </ClInclude>
    <ClInclude Include="$(SolutionDir)\..\include\grpc++\impl\codegen\string_ref.h">
      <Filter>include\grpc++\impl\codegen</Filter>
    </ClInclude>
    <ClInclude Include="$(SolutionDir)\..\include\grpc++\impl\codegen\stub_options.h">
      <Filter>include\grpc++\impl\codegen</Filter>
    </ClInclude>
    <ClInclude Include="$(SolutionDir)\..\include\grpc++\impl\codegen\sync.h">
      <Filter>include\grpc++\impl\codegen</Filter>
    </ClInclude>
    <ClInclude Include="$(SolutionDir)\..\include\grpc++\impl\codegen\sync_cxx11.h">
      <Filter>include\grpc++\impl\codegen</Filter>
    </ClInclude>
    <ClInclude Include="$(SolutionDir)\..\include\grpc++\impl\codegen\sync_no_cxx11.h">
      <Filter>include\grpc++\impl\codegen</Filter>
    </ClInclude>
    <ClInclude Include="$(SolutionDir)\..\include\grpc++\impl\codegen\sync_stream.h">
      <Filter>include\grpc++\impl\codegen</Filter>
    </ClInclude>
    <ClInclude Include="$(SolutionDir)\..\include\grpc++\impl\codegen\time.h">
      <Filter>include\grpc++\impl\codegen</Filter>
    </ClInclude>
    <ClInclude Include="$(SolutionDir)\..\include\grpc\impl\codegen\byte_buffer.h">
      <Filter>include\grpc\impl\codegen</Filter>
    </ClInclude>
    <ClInclude Include="$(SolutionDir)\..\include\grpc\impl\codegen\compression_types.h">
      <Filter>include\grpc\impl\codegen</Filter>
    </ClInclude>
    <ClInclude Include="$(SolutionDir)\..\include\grpc\impl\codegen\connectivity_state.h">
      <Filter>include\grpc\impl\codegen</Filter>
    </ClInclude>
    <ClInclude Include="$(SolutionDir)\..\include\grpc\impl\codegen\grpc_types.h">
      <Filter>include\grpc\impl\codegen</Filter>
    </ClInclude>
    <ClInclude Include="$(SolutionDir)\..\include\grpc\impl\codegen\propagation_bits.h">
      <Filter>include\grpc\impl\codegen</Filter>
    </ClInclude>
    <ClInclude Include="$(SolutionDir)\..\include\grpc\impl\codegen\status.h">
      <Filter>include\grpc\impl\codegen</Filter>
    </ClInclude>
    <ClInclude Include="$(SolutionDir)\..\include\grpc\impl\codegen\alloc.h">
      <Filter>include\grpc\impl\codegen</Filter>
    </ClInclude>
    <ClInclude Include="$(SolutionDir)\..\include\grpc\impl\codegen\atm.h">
      <Filter>include\grpc\impl\codegen</Filter>
    </ClInclude>
    <ClInclude Include="$(SolutionDir)\..\include\grpc\impl\codegen\atm_gcc_atomic.h">
      <Filter>include\grpc\impl\codegen</Filter>
    </ClInclude>
    <ClInclude Include="$(SolutionDir)\..\include\grpc\impl\codegen\atm_gcc_sync.h">
      <Filter>include\grpc\impl\codegen</Filter>
    </ClInclude>
    <ClInclude Include="$(SolutionDir)\..\include\grpc\impl\codegen\atm_win32.h">
      <Filter>include\grpc\impl\codegen</Filter>
    </ClInclude>
    <ClInclude Include="$(SolutionDir)\..\include\grpc\impl\codegen\log.h">
      <Filter>include\grpc\impl\codegen</Filter>
    </ClInclude>
    <ClInclude Include="$(SolutionDir)\..\include\grpc\impl\codegen\port_platform.h">
      <Filter>include\grpc\impl\codegen</Filter>
    </ClInclude>
    <ClInclude Include="$(SolutionDir)\..\include\grpc\impl\codegen\slice.h">
      <Filter>include\grpc\impl\codegen</Filter>
    </ClInclude>
    <ClInclude Include="$(SolutionDir)\..\include\grpc\impl\codegen\slice_buffer.h">
      <Filter>include\grpc\impl\codegen</Filter>
    </ClInclude>
    <ClInclude Include="$(SolutionDir)\..\include\grpc\impl\codegen\sync.h">
      <Filter>include\grpc\impl\codegen</Filter>
    </ClInclude>
    <ClInclude Include="$(SolutionDir)\..\include\grpc\impl\codegen\sync_generic.h">
      <Filter>include\grpc\impl\codegen</Filter>
    </ClInclude>
    <ClInclude Include="$(SolutionDir)\..\include\grpc\impl\codegen\sync_posix.h">
      <Filter>include\grpc\impl\codegen</Filter>
    </ClInclude>
    <ClInclude Include="$(SolutionDir)\..\include\grpc\impl\codegen\sync_win32.h">
      <Filter>include\grpc\impl\codegen</Filter>
    </ClInclude>
    <ClInclude Include="$(SolutionDir)\..\include\grpc\impl\codegen\time.h">
      <Filter>include\grpc\impl\codegen</Filter>
    </ClInclude>
    <ClInclude Include="$(SolutionDir)\..\include\grpc++\impl\codegen\config.h">
      <Filter>include\grpc++\impl\codegen</Filter>
    </ClInclude>
    <ClInclude Include="$(SolutionDir)\..\include\grpc++\impl\codegen\config_protobuf.h">
      <Filter>include\grpc++\impl\codegen</Filter>
    </ClInclude>
    <ClInclude Include="$(SolutionDir)\..\include\grpc++\support\config.h">
      <Filter>include\grpc++\support</Filter>
    </ClInclude>
    <ClInclude Include="$(SolutionDir)\..\include\grpc++\support\config_protobuf.h">
      <Filter>include\grpc++\support</Filter>
    </ClInclude>
  </ItemGroup>
  <ItemGroup>
    <ClInclude Include="$(SolutionDir)\..\src\cpp\client\create_channel_internal.h">
      <Filter>src\cpp\client</Filter>
    </ClInclude>
    <ClInclude Include="$(SolutionDir)\..\src\cpp\common\core_codegen.h">
      <Filter>src\cpp\common</Filter>
    </ClInclude>
    <ClInclude Include="$(SolutionDir)\..\src\cpp\server\dynamic_thread_pool.h">
      <Filter>src\cpp\server</Filter>
    </ClInclude>
    <ClInclude Include="$(SolutionDir)\..\src\cpp\server\thread_pool_interface.h">
      <Filter>src\cpp\server</Filter>
    </ClInclude>
  </ItemGroup>

  <ItemGroup>
    <Filter Include="include">
      <UniqueIdentifier>{8cfca5ff-39e5-8c6c-e255-acf9e5bfbc20}</UniqueIdentifier>
    </Filter>
    <Filter Include="include\grpc">
      <UniqueIdentifier>{946ac47c-45cd-fce0-5dc5-50e3b4c9b999}</UniqueIdentifier>
    </Filter>
    <Filter Include="include\grpc++">
      <UniqueIdentifier>{15d1753e-efe3-f13f-2d9b-c4278e129698}</UniqueIdentifier>
    </Filter>
    <Filter Include="include\grpc++\generic">
      <UniqueIdentifier>{ca814e10-e654-54f8-5766-ec0a67795a1d}</UniqueIdentifier>
    </Filter>
    <Filter Include="include\grpc++\impl">
      <UniqueIdentifier>{4d1e430c-bfc2-7039-7e14-9c4179a87156}</UniqueIdentifier>
    </Filter>
    <Filter Include="include\grpc++\impl\codegen">
      <UniqueIdentifier>{281b182a-26c9-4b4d-a09b-67a59d064857}</UniqueIdentifier>
    </Filter>
    <Filter Include="include\grpc++\impl\codegen\security">
      <UniqueIdentifier>{8d630438-c6cc-ff11-6bdb-47fd45e10343}</UniqueIdentifier>
    </Filter>
    <Filter Include="include\grpc++\security">
      <UniqueIdentifier>{832eed62-ae71-b799-5e8a-463fe4d7ff99}</UniqueIdentifier>
    </Filter>
    <Filter Include="include\grpc++\support">
      <UniqueIdentifier>{f8a25962-5b0a-87f8-02e0-0440ef37cc70}</UniqueIdentifier>
    </Filter>
    <Filter Include="include\grpc\impl">
      <UniqueIdentifier>{1078cf6e-6ab2-7f68-638f-a735027a4147}</UniqueIdentifier>
    </Filter>
    <Filter Include="include\grpc\impl\codegen">
      <UniqueIdentifier>{69026d6e-4ec7-75a1-c116-b714eb58fb6a}</UniqueIdentifier>
    </Filter>
    <Filter Include="src">
      <UniqueIdentifier>{32acb203-54bc-e88c-b370-56ebe1c1ffba}</UniqueIdentifier>
    </Filter>
    <Filter Include="src\cpp">
      <UniqueIdentifier>{4ab55e56-afe1-4b6a-afcc-116a6f01ea61}</UniqueIdentifier>
    </Filter>
    <Filter Include="src\cpp\client">
      <UniqueIdentifier>{aebaaceb-241b-024a-01a5-a4e83ddf73e3}</UniqueIdentifier>
    </Filter>
    <Filter Include="src\cpp\codegen">
      <UniqueIdentifier>{c99d749d-bd46-fb54-6e2f-5e911db3333c}</UniqueIdentifier>
    </Filter>
    <Filter Include="src\cpp\common">
      <UniqueIdentifier>{025a4e59-784a-2b99-2a03-b130b8dd2543}</UniqueIdentifier>
    </Filter>
    <Filter Include="src\cpp\server">
      <UniqueIdentifier>{fecec533-0ccf-ab33-2a40-865cbfb66085}</UniqueIdentifier>
    </Filter>
    <Filter Include="src\cpp\util">
      <UniqueIdentifier>{3692e360-ead5-8162-ac62-c4e5392fb4ce}</UniqueIdentifier>
    </Filter>
  </ItemGroup>
</Project>

